
Microsoft Visual Studio Solution File, Format Version 12.00
# Visual Studio Version 17
VisualStudioVersion = 17.9.34714.143
MinimumVisualStudioVersion = 10.0.40219.1
Project("{FAE04EC0-301F-11D3-BF4B-00C04F79EFBC}") = "Metanoia", "Metanoia.csproj", "{7758B76A-4C27-4168-A42C-634727F32F86}"
EndProject
Project("{FAE04EC0-301F-11D3-BF4B-00C04F79EFBC}") = "API", "..\API\API.csproj", "{35B6E0DD-DB47-4979-8AC6-1D3C78B16E88}"
EndProject
Global
	GlobalSection(SolutionConfigurationPlatforms) = preSolution
		Debug|Any CPU = Debug|Any CPU
		Release|Any CPU = Release|Any CPU
	EndGlobalSection
	GlobalSection(ProjectConfigurationPlatforms) = postSolution
		{7758B76A-4C27-4168-A42C-634727F32F86}.Debug|Any CPU.ActiveCfg = Debug|Any CPU
		{7758B76A-4C27-4168-A42C-634727F32F86}.Debug|Any CPU.Build.0 = Debug|Any CPU
		{7758B76A-4C27-4168-A42C-634727F32F86}.Release|Any CPU.ActiveCfg = Release|Any CPU
		{7758B76A-4C27-4168-A42C-634727F32F86}.Release|Any CPU.Build.0 = Release|Any CPU
		{35B6E0DD-DB47-4979-8AC6-1D3C78B16E88}.Debug|Any CPU.ActiveCfg = Debug|Any CPU
		{35B6E0DD-DB47-4979-8AC6-1D3C78B16E88}.Debug|Any CPU.Build.0 = Debug|Any CPU
		{35B6E0DD-DB47-4979-8AC6-1D3C78B16E88}.Release|Any CPU.ActiveCfg = Release|Any CPU
		{35B6E0DD-DB47-4979-8AC6-1D3C78B16E88}.Release|Any CPU.Build.0 = Release|Any CPU
	EndGlobalSection
	GlobalSection(SolutionProperties) = preSolution
		HideSolutionNode = FALSE
	EndGlobalSection
	GlobalSection(ExtensibilityGlobals) = postSolution
		SolutionGuid = {A56FF8BB-FB1D-4941-9404-5A7E38F8F68D}
	EndGlobalSection
EndGlobal
